
Microsoft Visual Studio Solution File, Format Version 12.00
# Visual Studio 15
VisualStudioVersion = 15.0.26228.9
MinimumVisualStudioVersion = 10.0.40219.1
Project("{FAE04EC0-301F-11D3-BF4B-00C04F79EFBC}") = "DayCare", "DayCare\DayCare.csproj", "{1ED4DE99-D3B9-4C3B-A592-EF7F3A221154}"
EndProject
Project("{FAE04EC0-301F-11D3-BF4B-00C04F79EFBC}") = "ZipCodeScrape", "ZipCodeScrape\ZipCodeScrape.csproj", "{F9206FD7-ACBA-49E3-9D58-1C0533496B1B}"
EndProject
Project("{FAE04EC0-301F-11D3-BF4B-00C04F79EFBC}") = "DayCareModel", "DayCareModel\DayCareModel.csproj", "{8BA4647C-E183-4F19-9CC8-E2C729457DA5}"
EndProject
Project("{FAE04EC0-301F-11D3-BF4B-00C04F79EFBC}") = "InteractiveMap", "InteractiveMap\InteractiveMap.csproj", "{C5CE8A1D-E767-495D-826B-66A25DE68C5F}"
EndProject
Project("{FAE04EC0-301F-11D3-BF4B-00C04F79EFBC}") = "ConsoleApp1", "ConsoleApp1\ConsoleApp1.csproj", "{C40F21A3-48DA-4940-8A18-079B1212BC10}"
EndProject
Project("{888888A0-9F3D-457C-B088-3A5042F75D52}") = "PythonApplication1", "PythonApplication1\PythonApplication1.pyproj", "{B2258BDC-5805-4F47-BDED-CB52AC4FDDCB}"
EndProject
Project("{2150E333-8FDC-42A3-9474-1A3956D46DE8}") = "NewFolder1", "NewFolder1", "{94A66B95-72F3-4009-B66F-719E7DABACF8}"
EndProject
Project("{FAE04EC0-301F-11D3-BF4B-00C04F79EFBC}") = "WebApplication1", "WebApplication1\WebApplication1.csproj", "{3D68457B-E699-4DC4-AC7B-4C19CDF9791C}"
EndProject
Global
	GlobalSection(SolutionConfigurationPlatforms) = preSolution
		Debug|Any CPU = Debug|Any CPU
		Release|Any CPU = Release|Any CPU
	EndGlobalSection
	GlobalSection(ProjectConfigurationPlatforms) = postSolution
		{1ED4DE99-D3B9-4C3B-A592-EF7F3A221154}.Debug|Any CPU.ActiveCfg = Debug|Any CPU
		{1ED4DE99-D3B9-4C3B-A592-EF7F3A221154}.Debug|Any CPU.Build.0 = Debug|Any CPU
		{1ED4DE99-D3B9-4C3B-A592-EF7F3A221154}.Release|Any CPU.ActiveCfg = Release|Any CPU
		{1ED4DE99-D3B9-4C3B-A592-EF7F3A221154}.Release|Any CPU.Build.0 = Release|Any CPU
		{F9206FD7-ACBA-49E3-9D58-1C0533496B1B}.Debug|Any CPU.ActiveCfg = Debug|Any CPU
		{F9206FD7-ACBA-49E3-9D58-1C0533496B1B}.Debug|Any CPU.Build.0 = Debug|Any CPU
		{F9206FD7-ACBA-49E3-9D58-1C0533496B1B}.Release|Any CPU.ActiveCfg = Release|Any CPU
		{F9206FD7-ACBA-49E3-9D58-1C0533496B1B}.Release|Any CPU.Build.0 = Release|Any CPU
		{8BA4647C-E183-4F19-9CC8-E2C729457DA5}.Debug|Any CPU.ActiveCfg = Debug|Any CPU
		{8BA4647C-E183-4F19-9CC8-E2C729457DA5}.Debug|Any CPU.Build.0 = Debug|Any CPU
		{8BA4647C-E183-4F19-9CC8-E2C729457DA5}.Release|Any CPU.ActiveCfg = Release|Any CPU
		{8BA4647C-E183-4F19-9CC8-E2C729457DA5}.Release|Any CPU.Build.0 = Release|Any CPU
		{C5CE8A1D-E767-495D-826B-66A25DE68C5F}.Debug|Any CPU.ActiveCfg = Debug|Any CPU
		{C5CE8A1D-E767-495D-826B-66A25DE68C5F}.Debug|Any CPU.Build.0 = Debug|Any CPU
		{C5CE8A1D-E767-495D-826B-66A25DE68C5F}.Release|Any CPU.ActiveCfg = Release|Any CPU
		{C5CE8A1D-E767-495D-826B-66A25DE68C5F}.Release|Any CPU.Build.0 = Release|Any CPU
		{C40F21A3-48DA-4940-8A18-079B1212BC10}.Debug|Any CPU.ActiveCfg = Debug|Any CPU
		{C40F21A3-48DA-4940-8A18-079B1212BC10}.Debug|Any CPU.Build.0 = Debug|Any CPU
		{C40F21A3-48DA-4940-8A18-079B1212BC10}.Release|Any CPU.ActiveCfg = Release|Any CPU
		{C40F21A3-48DA-4940-8A18-079B1212BC10}.Release|Any CPU.Build.0 = Release|Any CPU
		{B2258BDC-5805-4F47-BDED-CB52AC4FDDCB}.Debug|Any CPU.ActiveCfg = Debug|Any CPU
		{B2258BDC-5805-4F47-BDED-CB52AC4FDDCB}.Release|Any CPU.ActiveCfg = Release|Any CPU
		{3D68457B-E699-4DC4-AC7B-4C19CDF9791C}.Debug|Any CPU.ActiveCfg = Debug|Any CPU
		{3D68457B-E699-4DC4-AC7B-4C19CDF9791C}.Debug|Any CPU.Build.0 = Debug|Any CPU
		{3D68457B-E699-4DC4-AC7B-4C19CDF9791C}.Release|Any CPU.ActiveCfg = Release|Any CPU
		{3D68457B-E699-4DC4-AC7B-4C19CDF9791C}.Release|Any CPU.Build.0 = Release|Any CPU
	EndGlobalSection
	GlobalSection(SolutionProperties) = preSolution
		HideSolutionNode = FALSE
	EndGlobalSection
	GlobalSection(ExtensibilityGlobals) = postSolution
		SolutionGuid = {C74E2976-06F4-49DF-BE8B-3F61BDE8F3BA}
	EndGlobalSection
EndGlobal
